
Microsoft Visual Studio Solution File, Format Version 12.00
# Visual Studio Version 17
VisualStudioVersion = 17.9.34902.65
MinimumVisualStudioVersion = 10.0.40219.1
Project("{FAE04EC0-301F-11D3-BF4B-00C04F79EFBC}") = "SistemCadastro", "SistemCadastro\SistemCadastro.csproj", "{7540B763-DD9A-4032-8D94-9C120B2D71B9}"
EndProject
Global
	GlobalSection(SolutionConfigurationPlatforms) = preSolution
		Debug|Any CPU = Debug|Any CPU
		Release|Any CPU = Release|Any CPU
	EndGlobalSection
	GlobalSection(ProjectConfigurationPlatforms) = postSolution
		{7540B763-DD9A-4032-8D94-9C120B2D71B9}.Debug|Any CPU.ActiveCfg = Debug|Any CPU
		{7540B763-DD9A-4032-8D94-9C120B2D71B9}.Debug|Any CPU.Build.0 = Debug|Any CPU
		{7540B763-DD9A-4032-8D94-9C120B2D71B9}.Release|Any CPU.ActiveCfg = Release|Any CPU
		{7540B763-DD9A-4032-8D94-9C120B2D71B9}.Release|Any CPU.Build.0 = Release|Any CPU
	EndGlobalSection
	GlobalSection(SolutionProperties) = preSolution
		HideSolutionNode = FALSE
	EndGlobalSection
	GlobalSection(ExtensibilityGlobals) = postSolution
		SolutionGuid = {CADFAEE2-F27D-4D33-BB77-5BAD5078603C}
	EndGlobalSection
EndGlobal
